// !$*UTF8*$!
{
	archiveVersion = 1;
	classes = {
	};
	objectVersion = 56;
	objects = {

/* Begin PBXBuildFile section */
		9D792E4A2C891BB000E1821E /* AppDelegate.swift in Sources */ = {isa = PBXBuildFile; fileRef = 9D792E492C891BB000E1821E /* AppDelegate.swift */; };
		9D792E4C2C891BB000E1821E /* SceneDelegate.swift in Sources */ = {isa = PBXBuildFile; fileRef = 9D792E4B2C891BB000E1821E /* SceneDelegate.swift */; };
		9D792E4E2C891BB000E1821E /* ViewController.swift in Sources */ = {isa = PBXBuildFile; fileRef = 9D792E4D2C891BB000E1821E /* ViewController.swift */; };
		9D792E512C891BB000E1821E /* Base in Resources */ = {isa = PBXBuildFile; fileRef = 9D792E502C891BB000E1821E /* Base */; };
		9D792E532C891BB100E1821E /* Assets.xcassets in Resources */ = {isa = PBXBuildFile; fileRef = 9D792E522C891BB100E1821E /* Assets.xcassets */; };
		9D792E562C891BB100E1821E /* Base in Resources */ = {isa = PBXBuildFile; fileRef = 9D792E552C891BB100E1821E /* Base */; };
		9D792E612C891BB100E1821E /* TesteTests.swift in Sources */ = {isa = PBXBuildFile; fileRef = 9D792E602C891BB100E1821E /* TesteTests.swift */; };
		9D792E6B2C891BB100E1821E /* TesteUITests.swift in Sources */ = {isa = PBXBuildFile; fileRef = 9D792E6A2C891BB100E1821E /* TesteUITests.swift */; };
		9D792E6D2C891BB100E1821E /* TesteUITestsLaunchTests.swift in Sources */ = {isa = PBXBuildFile; fileRef = 9D792E6C2C891BB100E1821E /* TesteUITestsLaunchTests.swift */; };
/* End PBXBuildFile section */

/* Begin PBXContainerItemProxy section */
		9D792E5D2C891BB100E1821E /* PBXContainerItemProxy */ = {
			isa = PBXContainerItemProxy;
			containerPortal = 9D792E3E2C891BB000E1821E /* Project object */;
			proxyType = 1;
			remoteGlobalIDString = 9D792E452C891BB000E1821E;
			remoteInfo = Teste;
		};
		9D792E672C891BB100E1821E /* PBXContainerItemProxy */ = {
			isa = PBXContainerItemProxy;
			containerPortal = 9D792E3E2C891BB000E1821E /* Project object */;
			proxyType = 1;
			remoteGlobalIDString = 9D792E452C891BB000E1821E;
			remoteInfo = Teste;
		};
/* End PBXContainerItemProxy section */

/* Begin PBXFileReference section */
		9D792E462C891BB000E1821E /* Teste.app */ = {isa = PBXFileReference; explicitFileType = wrapper.application; includeInIndex = 0; path = Teste.app; sourceTree = BUILT_PRODUCTS_DIR; };
		9D792E492C891BB000E1821E /* AppDelegate.swift */ = {isa = PBXFileReference; lastKnownFileType = sourcecode.swift; path = AppDelegate.swift; sourceTree = "<group>"; };
		9D792E4B2C891BB000E1821E /* SceneDelegate.swift */ = {isa = PBXFileReference; lastKnownFileType = sourcecode.swift; path = SceneDelegate.swift; sourceTree = "<group>"; };
		9D792E4D2C891BB000E1821E /* ViewController.swift */ = {isa = PBXFileReference; lastKnownFileType = sourcecode.swift; path = ViewController.swift; sourceTree = "<group>"; };
		9D792E502C891BB000E1821E /* Base */ = {isa = PBXFileReference; lastKnownFileType = file.storyboard; name = Base; path = Base.lproj/Main.storyboard; sourceTree = "<group>"; };
		9D792E522C891BB100E1821E /* Assets.xcassets */ = {isa = PBXFileReference; lastKnownFileType = folder.assetcatalog; path = Assets.xcassets; sourceTree = "<group>"; };
		9D792E552C891BB100E1821E /* Base */ = {isa = PBXFileReference; lastKnownFileType = file.storyboard; name = Base; path = Base.lproj/LaunchScreen.storyboard; sourceTree = "<group>"; };
		9D792E572C891BB100E1821E /* Info.plist */ = {isa = PBXFileReference; lastKnownFileType = text.plist.xml; path = Info.plist; sourceTree = "<group>"; };
		9D792E5C2C891BB100E1821E /* TesteTests.xctest */ = {isa = PBXFileReference; explicitFileType = wrapper.cfbundle; includeInIndex = 0; path = TesteTests.xctest; sourceTree = BUILT_PRODUCTS_DIR; };
		9D792E602C891BB100E1821E /* TesteTests.swift */ = {isa = PBXFileReference; lastKnownFileType = sourcecode.swift; path = TesteTests.swift; sourceTree = "<group>"; };
		9D792E662C891BB100E1821E /* TesteUITests.xctest */ = {isa = PBXFileReference; explicitFileType = wrapper.cfbundle; includeInIndex = 0; path = TesteUITests.xctest; sourceTree = BUILT_PRODUCTS_DIR; };
		9D792E6A2C891BB100E1821E /* TesteUITests.swift */ = {isa = PBXFileReference; lastKnownFileType = sourcecode.swift; path = TesteUITests.swift; sourceTree = "<group>"; };
		9D792E6C2C891BB100E1821E /* TesteUITestsLaunchTests.swift */ = {isa = PBXFileReference; lastKnownFileType = sourcecode.swift; path = TesteUITestsLaunchTests.swift; sourceTree = "<group>"; };
/* End PBXFileReference section */

/* Begin PBXFrameworksBuildPhase section */
		9D792E432C891BB000E1821E /* Frameworks */ = {
			isa = PBXFrameworksBuildPhase;
			buildActionMask = 2147483647;
			files = (
			);
			runOnlyForDeploymentPostprocessing = 0;
		};
		9D792E592C891BB100E1821E /* Frameworks */ = {
			isa = PBXFrameworksBuildPhase;
			buildActionMask = 2147483647;
			files = (
			);
			runOnlyForDeploymentPostprocessing = 0;
		};
		9D792E632C891BB100E1821E /* Frameworks */ = {
			isa = PBXFrameworksBuildPhase;
			buildActionMask = 2147483647;
			files = (
			);
			runOnlyForDeploymentPostprocessing = 0;
		};
/* End PBXFrameworksBuildPhase section */

/* Begin PBXGroup section */
		9D792E3D2C891BB000E1821E = {
			isa = PBXGroup;
			children = (
				9D792E482C891BB000E1821E /* Teste */,
				9D792E5F2C891BB100E1821E /* TesteTests */,
				9D792E692C891BB100E1821E /* TesteUITests */,
				9D792E472C891BB000E1821E /* Products */,
			);
			sourceTree = "<group>";
		};
		9D792E472C891BB000E1821E /* Products */ = {
			isa = PBXGroup;
			children = (
				9D792E462C891BB000E1821E /* Teste.app */,
				9D792E5C2C891BB100E1821E /* TesteTests.xctest */,
				9D792E662C891BB100E1821E /* TesteUITests.xctest */,
			);
			name = Products;
			sourceTree = "<group>";
		};
		9D792E482C891BB000E1821E /* Teste */ = {
			isa = PBXGroup;
			children = (
				9D792E492C891BB000E1821E /* AppDelegate.swift */,
				9D792E4B2C891BB000E1821E /* SceneDelegate.swift */,
				9D792E4D2C891BB000E1821E /* ViewController.swift */,
				9D792E4F2C891BB000E1821E /* Main.storyboard */,
				9D792E522C891BB100E1821E /* Assets.xcassets */,
				9D792E542C891BB100E1821E /* LaunchScreen.storyboard */,
				9D792E572C891BB100E1821E /* Info.plist */,
			);
			path = Teste;
			sourceTree = "<group>";
		};
		9D792E5F2C891BB100E1821E /* TesteTests */ = {
			isa = PBXGroup;
			children = (
				9D792E602C891BB100E1821E /* TesteTests.swift */,
			);
			path = TesteTests;
			sourceTree = "<group>";
		};
		9D792E692C891BB100E1821E /* TesteUITests */ = {
			isa = PBXGroup;
			children = (
				9D792E6A2C891BB100E1821E /* TesteUITests.swift */,
				9D792E6C2C891BB100E1821E /* TesteUITestsLaunchTests.swift */,
			);
			path = TesteUITests;
			sourceTree = "<group>";
		};
/* End PBXGroup section */

/* Begin PBXNativeTarget section */
		9D792E452C891BB000E1821E /* Teste */ = {
			isa = PBXNativeTarget;
			buildConfigurationList = 9D792E702C891BB100E1821E /* Build configuration list for PBXNativeTarget "Teste" */;
			buildPhases = (
				9D792E422C891BB000E1821E /* Sources */,
				9D792E432C891BB000E1821E /* Frameworks */,
				9D792E442C891BB000E1821E /* Resources */,
			);
			buildRules = (
			);
			dependencies = (
			);
			name = Teste;
			productName = Teste;
			productReference = 9D792E462C891BB000E1821E /* Teste.app */;
			productType = "com.apple.product-type.application";
		};
		9D792E5B2C891BB100E1821E /* TesteTests */ = {
			isa = PBXNativeTarget;
			buildConfigurationList = 9D792E732C891BB100E1821E /* Build configuration list for PBXNativeTarget "TesteTests" */;
			buildPhases = (
				9D792E582C891BB100E1821E /* Sources */,
				9D792E592C891BB100E1821E /* Frameworks */,
				9D792E5A2C891BB100E1821E /* Resources */,
			);
			buildRules = (
			);
			dependencies = (
				9D792E5E2C891BB100E1821E /* PBXTargetDependency */,
			);
			name = TesteTests;
			productName = TesteTests;
			productReference = 9D792E5C2C891BB100E1821E /* TesteTests.xctest */;
			productType = "com.apple.product-type.bundle.unit-test";
		};
		9D792E652C891BB100E1821E /* TesteUITests */ = {
			isa = PBXNativeTarget;
			buildConfigurationList = 9D792E762C891BB100E1821E /* Build configuration list for PBXNativeTarget "TesteUITests" */;
			buildPhases = (
				9D792E622C891BB100E1821E /* Sources */,
				9D792E632C891BB100E1821E /* Frameworks */,
				9D792E642C891BB100E1821E /* Resources */,
			);
			buildRules = (
			);
			dependencies = (
				9D792E682C891BB100E1821E /* PBXTargetDependency */,
			);
			name = TesteUITests;
			productName = TesteUITests;
			productReference = 9D792E662C891BB100E1821E /* TesteUITests.xctest */;
			productType = "com.apple.product-type.bundle.ui-testing";
		};
/* End PBXNativeTarget section */

/* Begin PBXProject section */
		9D792E3E2C891BB000E1821E /* Project object */ = {
			isa = PBXProject;
			attributes = {
				BuildIndependentTargetsInParallel = 1;
				LastSwiftUpdateCheck = 1530;
				LastUpgradeCheck = 1530;
				TargetAttributes = {
					9D792E452C891BB000E1821E = {
						CreatedOnToolsVersion = 15.3;
					};
					9D792E5B2C891BB100E1821E = {
						CreatedOnToolsVersion = 15.3;
						TestTargetID = 9D792E452C891BB000E1821E;
					};
					9D792E652C891BB100E1821E = {
						CreatedOnToolsVersion = 15.3;
						TestTargetID = 9D792E452C891BB000E1821E;
					};
				};
			};
			buildConfigurationList = 9D792E412C891BB000E1821E /* Build configuration list for PBXProject "Teste" */;
			compatibilityVersion = "Xcode 14.0";
			developmentRegion = en;
			hasScannedForEncodings = 0;
			knownRegions = (
				en,
				Base,
			);
			mainGroup = 9D792E3D2C891BB000E1821E;
			productRefGroup = 9D792E472C891BB000E1821E /* Products */;
			projectDirPath = "";
			projectRoot = "";
			targets = (
				9D792E452C891BB000E1821E /* Teste */,
				9D792E5B2C891BB100E1821E /* TesteTests */,
				9D792E652C891BB100E1821E /* TesteUITests */,
			);
		};
/* End PBXProject section */

/* Begin PBXResourcesBuildPhase section */
		9D792E442C891BB000E1821E /* Resources */ = {
			isa = PBXResourcesBuildPhase;
			buildActionMask = 2147483647;
			files = (
				9D792E532C891BB100E1821E /* Assets.xcassets in Resources */,
				9D792E562C891BB100E1821E /* Base in Resources */,
				9D792E512C891BB000E1821E /* Base in Resources */,
			);
			runOnlyForDeploymentPostprocessing = 0;
		};
		9D792E5A2C891BB100E1821E /* Resources */ = {
			isa = PBXResourcesBuildPhase;
			buildActionMask = 2147483647;
			files = (
			);
			runOnlyForDeploymentPostprocessing = 0;
		};
		9D792E642C891BB100E1821E /* Resources */ = {
			isa = PBXResourcesBuildPhase;
			buildActionMask = 2147483647;
			files = (
			);
			runOnlyForDeploymentPostprocessing = 0;
		};
/* End PBXResourcesBuildPhase section */

/* Begin PBXSourcesBuildPhase section */
		9D792E422C891BB000E1821E /* Sources */ = {
			isa = PBXSourcesBuildPhase;
			buildActionMask = 2147483647;
			files = (
				9D792E4E2C891BB000E1821E /* ViewController.swift in Sources */,
				9D792E4A2C891BB000E1821E /* AppDelegate.swift in Sources */,
				9D792E4C2C891BB000E1821E /* SceneDelegate.swift in Sources */,
			);
			runOnlyForDeploymentPostprocessing = 0;
		};
		9D792E582C891BB100E1821E /* Sources */ = {
			isa = PBXSourcesBuildPhase;
			buildActionMask = 2147483647;
			files = (
				9D792E612C891BB100E1821E /* TesteTests.swift in Sources */,
			);
			runOnlyForDeploymentPostprocessing = 0;
		};
		9D792E622C891BB100E1821E /* Sources */ = {
			isa = PBXSourcesBuildPhase;
			buildActionMask = 2147483647;
			files = (
				9D792E6D2C891BB100E1821E /* TesteUITestsLaunchTests.swift in Sources */,
				9D792E6B2C891BB100E1821E /* TesteUITests.swift in Sources */,
			);
			runOnlyForDeploymentPostprocessing = 0;
		};
/* End PBXSourcesBuildPhase section */

/* Begin PBXTargetDependency section */
		9D792E5E2C891BB100E1821E /* PBXTargetDependency */ = {
			isa = PBXTargetDependency;
			target = 9D792E452C891BB000E1821E /* Teste */;
			targetProxy = 9D792E5D2C891BB100E1821E /* PBXContainerItemProxy */;
		};
		9D792E682C891BB100E1821E /* PBXTargetDependency */ = {
			isa = PBXTargetDependency;
			target = 9D792E452C891BB000E1821E /* Teste */;
			targetProxy = 9D792E672C891BB100E1821E /* PBXContainerItemProxy */;
		};
/* End PBXTargetDependency section */

/* Begin PBXVariantGroup section */
		9D792E4F2C891BB000E1821E /* Main.storyboard */ = {
			isa = PBXVariantGroup;
			children = (
				9D792E502C891BB000E1821E /* Base */,
			);
			name = Main.storyboard;
			sourceTree = "<group>";
		};
		9D792E542C891BB100E1821E /* LaunchScreen.storyboard */ = {
			isa = PBXVariantGroup;
			children = (
				9D792E552C891BB100E1821E /* Base */,
			);
			name = LaunchScreen.storyboard;
			sourceTree = "<group>";
		};
/* End PBXVariantGroup section */

/* Begin XCBuildConfiguration section */
		9D792E6E2C891BB100E1821E /* Debug */ = {
			isa = XCBuildConfiguration;
			buildSettings = {
				ALWAYS_SEARCH_USER_PATHS = NO;
				ASSETCATALOG_COMPILER_GENERATE_SWIFT_ASSET_SYMBOL_EXTENSIONS = YES;
				CLANG_ANALYZER_NONNULL = YES;
				CLANG_ANALYZER_NUMBER_OBJECT_CONVERSION = YES_AGGRESSIVE;
				CLANG_CXX_LANGUAGE_STANDARD = "gnu++20";
				CLANG_ENABLE_MODULES = YES;
				CLANG_ENABLE_OBJC_ARC = YES;
				CLANG_ENABLE_OBJC_WEAK = YES;
				CLANG_WARN_BLOCK_CAPTURE_AUTORELEASING = YES;
				CLANG_WARN_BOOL_CONVERSION = YES;
				CLANG_WARN_COMMA = YES;
				CLANG_WARN_CONSTANT_CONVERSION = YES;
				CLANG_WARN_DEPRECATED_OBJC_IMPLEMENTATIONS = YES;
				CLANG_WARN_DIRECT_OBJC_ISA_USAGE = YES_ERROR;
				CLANG_WARN_DOCUMENTATION_COMMENTS = YES;
				CLANG_WARN_EMPTY_BODY = YES;
				CLANG_WARN_ENUM_CONVERSION = YES;
				CLANG_WARN_INFINITE_RECURSION = YES;
				CLANG_WARN_INT_CONVERSION = YES;
				CLANG_WARN_NON_LITERAL_NULL_CONVERSION = YES;
				CLANG_WARN_OBJC_IMPLICIT_RETAIN_SELF = YES;
				CLANG_WARN_OBJC_LITERAL_CONVERSION = YES;
				CLANG_WARN_OBJC_ROOT_CLASS = YES_ERROR;
				CLANG_WARN_QUOTED_INCLUDE_IN_FRAMEWORK_HEADER = YES;
				CLANG_WARN_RANGE_LOOP_ANALYSIS = YES;
				CLANG_WARN_STRICT_PROTOTYPES = YES;
				CLANG_WARN_SUSPICIOUS_MOVE = YES;
				CLANG_WARN_UNGUARDED_AVAILABILITY = YES_AGGRESSIVE;
				CLANG_WARN_UNREACHABLE_CODE = YES;
				CLANG_WARN__DUPLICATE_METHOD_MATCH = YES;
				COPY_PHASE_STRIP = NO;
				DEBUG_INFORMATION_FORMAT = dwarf;
				ENABLE_STRICT_OBJC_MSGSEND = YES;
				ENABLE_TESTABILITY = YES;
				ENABLE_USER_SCRIPT_SANDBOXING = YES;
				GCC_C_LANGUAGE_STANDARD = gnu17;
				GCC_DYNAMIC_NO_PIC = NO;
				GCC_NO_COMMON_BLOCKS = YES;
				GCC_OPTIMIZATION_LEVEL = 0;
				GCC_PREPROCESSOR_DEFINITIONS = (
					"DEBUG=1",
					"$(inherited)",
				);
				GCC_WARN_64_TO_32_BIT_CONVERSION = YES;
				GCC_WARN_ABOUT_RETURN_TYPE = YES_ERROR;
				GCC_WARN_UNDECLARED_SELECTOR = YES;
				GCC_WARN_UNINITIALIZED_AUTOS = YES_AGGRESSIVE;
				GCC_WARN_UNUSED_FUNCTION = YES;
				GCC_WARN_UNUSED_VARIABLE = YES;
				IPHONEOS_DEPLOYMENT_TARGET = 17.4;
				LOCALIZATION_PREFERS_STRING_CATALOGS = YES;
				MTL_ENABLE_DEBUG_INFO = INCLUDE_SOURCE;
				MTL_FAST_MATH = YES;
				ONLY_ACTIVE_ARCH = YES;
				SDKROOT = iphoneos;
				SWIFT_ACTIVE_COMPILATION_CONDITIONS = "DEBUG $(inherited)";
				SWIFT_OPTIMIZATION_LEVEL = "-Onone";
			};
			name = Debug;
		};
		9D792E6F2C891BB100E1821E /* Release */ = {
			isa = XCBuildConfiguration;
			buildSettings = {
				ALWAYS_SEARCH_USER_PATHS = NO;
				ASSETCATALOG_COMPILER_GENERATE_SWIFT_ASSET_SYMBOL_EXTENSIONS = YES;
				CLANG_ANALYZER_NONNULL = YES;
				CLANG_ANALYZER_NUMBER_OBJECT_CONVERSION = YES_AGGRESSIVE;
				CLANG_CXX_LANGUAGE_STANDARD = "gnu++20";
				CLANG_ENABLE_MODULES = YES;
				CLANG_ENABLE_OBJC_ARC = YES;
				CLANG_ENABLE_OBJC_WEAK = YES;
				CLANG_WARN_BLOCK_CAPTURE_AUTORELEASING = YES;
				CLANG_WARN_BOOL_CONVERSION = YES;
				CLANG_WARN_COMMA = YES;
				CLANG_WARN_CONSTANT_CONVERSION = YES;
				CLANG_WARN_DEPRECATED_OBJC_IMPLEMENTATIONS = YES;
				CLANG_WARN_DIRECT_OBJC_ISA_USAGE = YES_ERROR;
				CLANG_WARN_DOCUMENTATION_COMMENTS = YES;
				CLANG_WARN_EMPTY_BODY = YES;
				CLANG_WARN_ENUM_CONVERSION = YES;
				CLANG_WARN_INFINITE_RECURSION = YES;
				CLANG_WARN_INT_CONVERSION = YES;
				CLANG_WARN_NON_LITERAL_NULL_CONVERSION = YES;
				CLANG_WARN_OBJC_IMPLICIT_RETAIN_SELF = YES;
				CLANG_WARN_OBJC_LITERAL_CONVERSION = YES;
				CLANG_WARN_OBJC_ROOT_CLASS = YES_ERROR;
				CLANG_WARN_QUOTED_INCLUDE_IN_FRAMEWORK_HEADER = YES;
				CLANG_WARN_RANGE_LOOP_ANALYSIS = YES;
				CLANG_WARN_STRICT_PROTOTYPES = YES;
				CLANG_WARN_SUSPICIOUS_MOVE = YES;
				CLANG_WARN_UNGUARDED_AVAILABILITY = YES_AGGRESSIVE;
				CLANG_WARN_UNREACHABLE_CODE = YES;
				CLANG_WARN__DUPLICATE_METHOD_MATCH = YES;
				COPY_PHASE_STRIP = NO;
				DEBUG_INFORMATION_FORMAT = "dwarf-with-dsym";
				ENABLE_NS_ASSERTIONS = NO;
				ENABLE_STRICT_OBJC_MSGSEND = YES;
				ENABLE_USER_SCRIPT_SANDBOXING = YES;
				GCC_C_LANGUAGE_STANDARD = gnu17;
				GCC_NO_COMMON_BLOCKS = YES;
				GCC_WARN_64_TO_32_BIT_CONVERSION = YES;
				GCC_WARN_ABOUT_RETURN_TYPE = YES_ERROR;
				GCC_WARN_UNDECLARED_SELECTOR = YES;
				GCC_WARN_UNINITIALIZED_AUTOS = YES_AGGRESSIVE;
				GCC_WARN_UNUSED_FUNCTION = YES;
				GCC_WARN_UNUSED_VARIABLE = YES;
				IPHONEOS_DEPLOYMENT_TARGET = 17.4;
				LOCALIZATION_PREFERS_STRING_CATALOGS = YES;
				MTL_ENABLE_DEBUG_INFO = NO;
				MTL_FAST_MATH = YES;
				SDKROOT = iphoneos;
				SWIFT_COMPILATION_MODE = wholemodule;
				VALIDATE_PRODUCT = YES;
			};
			name = Release;
		};
		9D792E712C891BB100E1821E /* Debug */ = {
			isa = XCBuildConfiguration;
			buildSettings = {
				ASSETCATALOG_COMPILER_APPICON_NAME = AppIcon;
				ASSETCATALOG_COMPILER_GLOBAL_ACCENT_COLOR_NAME = AccentColor;
				CODE_SIGN_STYLE = Automatic;
				CURRENT_PROJECT_VERSION = 1;
				GENERATE_INFOPLIST_FILE = YES;
				INFOPLIST_FILE = Teste/Info.plist;
				INFOPLIST_KEY_UIApplicationSupportsIndirectInputEvents = YES;
				INFOPLIST_KEY_UILaunchStoryboardName = LaunchScreen;
				INFOPLIST_KEY_UIMainStoryboardFile = Main;
				INFOPLIST_KEY_UISupportedInterfaceOrientations_iPad = "UIInterfaceOrientationPortrait UIInterfaceOrientationPortraitUpsideDown UIInterfaceOrientationLandscapeLeft UIInterfaceOrientationLandscapeRight";
				INFOPLIST_KEY_UISupportedInterfaceOrientations_iPhone = "UIInterfaceOrientationPortrait UIInterfaceOrientationLandscapeLeft UIInterfaceOrientationLandscapeRight";
				LD_RUNPATH_SEARCH_PATHS = (
					"$(inherited)",
					"@executable_path/Frameworks",
				);
				MARKETING_VERSION = 1.0;
				PRODUCT_BUNDLE_IDENTIFIER = dev.rafaelsermenho.Teste;
				PRODUCT_NAME = "$(TARGET_NAME)";
				SWIFT_EMIT_LOC_STRINGS = YES;
				SWIFT_VERSION = 5.0;
				TARGETED_DEVICE_FAMILY = "1,2";
			};
			name = Debug;
		};
		9D792E722C891BB100E1821E /* Release */ = {
			isa = XCBuildConfiguration;
			buildSettings = {
				ASSETCATALOG_COMPILER_APPICON_NAME = AppIcon;
				ASSETCATALOG_COMPILER_GLOBAL_ACCENT_COLOR_NAME = AccentColor;
				CODE_SIGN_STYLE = Automatic;
				CURRENT_PROJECT_VERSION = 1;
				GENERATE_INFOPLIST_FILE = YES;
				INFOPLIST_FILE = Teste/Info.plist;
				INFOPLIST_KEY_UIApplicationSupportsIndirectInputEvents = YES;
				INFOPLIST_KEY_UILaunchStoryboardName = LaunchScreen;
				INFOPLIST_KEY_UIMainStoryboardFile = Main;
				INFOPLIST_KEY_UISupportedInterfaceOrientations_iPad = "UIInterfaceOrientationPortrait UIInterfaceOrientationPortraitUpsideDown UIInterfaceOrientationLandscapeLeft UIInterfaceOrientationLandscapeRight";
				INFOPLIST_KEY_UISupportedInterfaceOrientations_iPhone = "UIInterfaceOrientationPortrait UIInterfaceOrientationLandscapeLeft UIInterfaceOrientationLandscapeRight";
				LD_RUNPATH_SEARCH_PATHS = (
					"$(inherited)",
					"@executable_path/Frameworks",
				);
				MARKETING_VERSION = 1.0;
				PRODUCT_BUNDLE_IDENTIFIER = dev.rafaelsermenho.Teste;
				PRODUCT_NAME = "$(TARGET_NAME)";
				SWIFT_EMIT_LOC_STRINGS = YES;
				SWIFT_VERSION = 5.0;
				TARGETED_DEVICE_FAMILY = "1,2";
			};
			name = Release;
		};
		9D792E742C891BB100E1821E /* Debug */ = {
			isa = XCBuildConfiguration;
			buildSettings = {
				ALWAYS_EMBED_SWIFT_STANDARD_LIBRARIES = YES;
				BUNDLE_LOADER = "$(TEST_HOST)";
				CODE_SIGN_STYLE = Automatic;
				CURRENT_PROJECT_VERSION = 1;
				GENERATE_INFOPLIST_FILE = YES;
				IPHONEOS_DEPLOYMENT_TARGET = 17.4;
				MARKETING_VERSION = 1.0;
				PRODUCT_BUNDLE_IDENTIFIER = dev.rafaelsermenho.TesteTests;
				PRODUCT_NAME = "$(TARGET_NAME)";
				SWIFT_EMIT_LOC_STRINGS = NO;
				SWIFT_VERSION = 5.0;
				TARGETED_DEVICE_FAMILY = "1,2";
				TEST_HOST = "$(BUILT_PRODUCTS_DIR)/Teste.app/$(BUNDLE_EXECUTABLE_FOLDER_PATH)/Teste";
			};
			name = Debug;
		};
		9D792E752C891BB100E1821E /* Release */ = {
			isa = XCBuildConfiguration;
			buildSettings = {
				ALWAYS_EMBED_SWIFT_STANDARD_LIBRARIES = YES;
				BUNDLE_LOADER = "$(TEST_HOST)";
				CODE_SIGN_STYLE = Automatic;
				CURRENT_PROJECT_VERSION = 1;
				GENERATE_INFOPLIST_FILE = YES;
				IPHONEOS_DEPLOYMENT_TARGET = 17.4;
				MARKETING_VERSION = 1.0;
				PRODUCT_BUNDLE_IDENTIFIER = dev.rafaelsermenho.TesteTests;
				PRODUCT_NAME = "$(TARGET_NAME)";
				SWIFT_EMIT_LOC_STRINGS = NO;
				SWIFT_VERSION = 5.0;
				TARGETED_DEVICE_FAMILY = "1,2";
				TEST_HOST = "$(BUILT_PRODUCTS_DIR)/Teste.app/$(BUNDLE_EXECUTABLE_FOLDER_PATH)/Teste";
			};
			name = Release;
		};
		9D792E772C891BB100E1821E /* Debug */ = {
			isa = XCBuildConfiguration;
			buildSettings = {
				ALWAYS_EMBED_SWIFT_STANDARD_LIBRARIES = YES;
				CODE_SIGN_STYLE = Automatic;
				CURRENT_PROJECT_VERSION = 1;
				GENERATE_INFOPLIST_FILE = YES;
				MARKETING_VERSION = 1.0;
				PRODUCT_BUNDLE_IDENTIFIER = dev.rafaelsermenho.TesteUITests;
				PRODUCT_NAME = "$(TARGET_NAME)";
				SWIFT_EMIT_LOC_STRINGS = NO;
				SWIFT_VERSION = 5.0;
				TARGETED_DEVICE_FAMILY = "1,2";
				TEST_TARGET_NAME = Teste;
			};
			name = Debug;
		};
		9D792E782C891BB100E1821E /* Release */ = {
			isa = XCBuildConfiguration;
			buildSettings = {
				ALWAYS_EMBED_SWIFT_STANDARD_LIBRARIES = YES;
				CODE_SIGN_STYLE = Automatic;
				CURRENT_PROJECT_VERSION = 1;
				GENERATE_INFOPLIST_FILE = YES;
				MARKETING_VERSION = 1.0;
				PRODUCT_BUNDLE_IDENTIFIER = dev.rafaelsermenho.TesteUITests;
				PRODUCT_NAME = "$(TARGET_NAME)";
				SWIFT_EMIT_LOC_STRINGS = NO;
				SWIFT_VERSION = 5.0;
				TARGETED_DEVICE_FAMILY = "1,2";
				TEST_TARGET_NAME = Teste;
			};
			name = Release;
		};
/* End XCBuildConfiguration section */

/* Begin XCConfigurationList section */
		9D792E412C891BB000E1821E /* Build configuration list for PBXProject "Teste" */ = {
			isa = XCConfigurationList;
			buildConfigurations = (
				9D792E6E2C891BB100E1821E /* Debug */,
				9D792E6F2C891BB100E1821E /* Release */,
			);
			defaultConfigurationIsVisible = 0;
			defaultConfigurationName = Release;
		};
		9D792E702C891BB100E1821E /* Build configuration list for PBXNativeTarget "Teste" */ = {
			isa = XCConfigurationList;
			buildConfigurations = (
				9D792E712C891BB100E1821E /* Debug */,
				9D792E722C891BB100E1821E /* Release */,
			);
			defaultConfigurationIsVisible = 0;
			defaultConfigurationName = Release;
		};
		9D792E732C891BB100E1821E /* Build configuration list for PBXNativeTarget "TesteTests" */ = {
			isa = XCConfigurationList;
			buildConfigurations = (
				9D792E742C891BB100E1821E /* Debug */,
				9D792E752C891BB100E1821E /* Release */,
			);
			defaultConfigurationIsVisible = 0;
			defaultConfigurationName = Release;
		};
		9D792E762C891BB100E1821E /* Build configuration list for PBXNativeTarget "TesteUITests" */ = {
			isa = XCConfigurationList;
			buildConfigurations = (
				9D792E772C891BB100E1821E /* Debug */,
				9D792E782C891BB100E1821E /* Release */,
			);
			defaultConfigurationIsVisible = 0;
			defaultConfigurationName = Release;
		};
/* End XCConfigurationList section */
	};
	rootObject = 9D792E3E2C891BB000E1821E /* Project object */;
}
